
Microsoft Visual Studio Solution File, Format Version 12.00
# Visual Studio 15
VisualStudioVersion = 15.0.28307.489
MinimumVisualStudioVersion = 10.0.40219.1
Project("{FAE04EC0-301F-11D3-BF4B-00C04F79EFBC}") = "ClubActivitiesA14", "ClubActivitiesA14\ClubActivitiesA14.csproj", "{382954A5-88BC-409A-AF9C-86539C627782}"
EndProject
Project("{FAE04EC0-301F-11D3-BF4B-00C04F79EFBC}") = "CASystem.AFidd", "..\..\..\2019-jan-exercises-austinfiddes\Fort Sasquatch Indoor Soccer\FSISSystem.AFidd\CASystem.AFidd.csproj", "{246D403D-4B25-4077-BFAE-53D1FED1358F}"
EndProject
Project("{FAE04EC0-301F-11D3-BF4B-00C04F79EFBC}") = "CASystem.AFidd.Data", "..\..\..\2019-jan-exercises-austinfiddes\Fort Sasquatch Indoor Soccer\FSISSystem.AFidd.data\CASystem.AFidd.Data.csproj", "{2819B965-D6C2-4B48-903B-BFF5B0205EFB}"
EndProject
Global
	GlobalSection(SolutionConfigurationPlatforms) = preSolution
		Debug|Any CPU = Debug|Any CPU
		Release|Any CPU = Release|Any CPU
	EndGlobalSection
	GlobalSection(ProjectConfigurationPlatforms) = postSolution
		{382954A5-88BC-409A-AF9C-86539C627782}.Debug|Any CPU.ActiveCfg = Debug|Any CPU
		{382954A5-88BC-409A-AF9C-86539C627782}.Debug|Any CPU.Build.0 = Debug|Any CPU
		{382954A5-88BC-409A-AF9C-86539C627782}.Release|Any CPU.ActiveCfg = Release|Any CPU
		{382954A5-88BC-409A-AF9C-86539C627782}.Release|Any CPU.Build.0 = Release|Any CPU
		{246D403D-4B25-4077-BFAE-53D1FED1358F}.Debug|Any CPU.ActiveCfg = Debug|Any CPU
		{246D403D-4B25-4077-BFAE-53D1FED1358F}.Debug|Any CPU.Build.0 = Debug|Any CPU
		{246D403D-4B25-4077-BFAE-53D1FED1358F}.Release|Any CPU.ActiveCfg = Release|Any CPU
		{246D403D-4B25-4077-BFAE-53D1FED1358F}.Release|Any CPU.Build.0 = Release|Any CPU
		{2819B965-D6C2-4B48-903B-BFF5B0205EFB}.Debug|Any CPU.ActiveCfg = Debug|Any CPU
		{2819B965-D6C2-4B48-903B-BFF5B0205EFB}.Debug|Any CPU.Build.0 = Debug|Any CPU
		{2819B965-D6C2-4B48-903B-BFF5B0205EFB}.Release|Any CPU.ActiveCfg = Release|Any CPU
		{2819B965-D6C2-4B48-903B-BFF5B0205EFB}.Release|Any CPU.Build.0 = Release|Any CPU
	EndGlobalSection
	GlobalSection(SolutionProperties) = preSolution
		HideSolutionNode = FALSE
	EndGlobalSection
	GlobalSection(ExtensibilityGlobals) = postSolution
		SolutionGuid = {42EF85DC-6A16-47F3-B47D-4DFBB9F5FE4B}
	EndGlobalSection
EndGlobal
